// !$*UTF8*$!
{
	archiveVersion = 1;
	classes = {
	};
	objectVersion = 46;
	objects = {

/* Begin PBXBuildFile section */
		280326821EF66A6100111651 /* main.cpp in Sources */ = {isa = PBXBuildFile; fileRef = 280326811EF66A6100111651 /* main.cpp */; };
		280326841EF7B4F000111651 /* tinyxml2.cpp in Sources */ = {isa = PBXBuildFile; fileRef = 280326831EF7B4F000111651 /* tinyxml2.cpp */; };
		2803268A1EF7BF7000111651 /* XMLParser.cpp in Sources */ = {isa = PBXBuildFile; fileRef = 280326891EF7BF7000111651 /* XMLParser.cpp */; };
		2803268F1EF7D6A000111651 /* Rule.cpp in Sources */ = {isa = PBXBuildFile; fileRef = 2803268E1EF7D6A000111651 /* Rule.cpp */; };
		280326941EF7E25000111651 /* LogManager.cpp in Sources */ = {isa = PBXBuildFile; fileRef = 280326931EF7E25000111651 /* LogManager.cpp */; };
/* End PBXBuildFile section */

/* Begin PBXCopyFilesBuildPhase section */
		280326721EF66A1600111651 /* CopyFiles */ = {
			isa = PBXCopyFilesBuildPhase;
			buildActionMask = 2147483647;
			dstPath = /usr/share/man/man1/;
			dstSubfolderSpec = 0;
			files = (
			);
			runOnlyForDeploymentPostprocessing = 1;
		};
/* End PBXCopyFilesBuildPhase section */

/* Begin PBXFileReference section */
		280326741EF66A1600111651 /* PDP-Experiment */ = {isa = PBXFileReference; explicitFileType = "compiled.mach-o.executable"; includeInIndex = 0; path = "PDP-Experiment"; sourceTree = BUILT_PRODUCTS_DIR; };
		2803267E1EF66A4700111651 /* data */ = {isa = PBXFileReference; lastKnownFileType = folder; path = data; sourceTree = "<group>"; };
		280326801EF66A4700111651 /* src */ = {isa = PBXFileReference; lastKnownFileType = folder; path = src; sourceTree = "<group>"; };
		280326811EF66A6100111651 /* main.cpp */ = {isa = PBXFileReference; fileEncoding = 4; lastKnownFileType = sourcecode.cpp.cpp; name = main.cpp; path = src/main.cpp; sourceTree = "<group>"; };
		280326831EF7B4F000111651 /* tinyxml2.cpp */ = {isa = PBXFileReference; lastKnownFileType = sourcecode.cpp.cpp; name = tinyxml2.cpp; path = src/tinyxml2/tinyxml2.cpp; sourceTree = "<group>"; };
		280326851EF7B8F600111651 /* include */ = {isa = PBXFileReference; lastKnownFileType = folder; path = include; sourceTree = "<group>"; };
		280326891EF7BF7000111651 /* XMLParser.cpp */ = {isa = PBXFileReference; lastKnownFileType = sourcecode.cpp.cpp; name = XMLParser.cpp; path = src/XMLParser.cpp; sourceTree = "<group>"; };
		2803268E1EF7D6A000111651 /* Rule.cpp */ = {isa = PBXFileReference; lastKnownFileType = sourcecode.cpp.cpp; name = Rule.cpp; path = src/Rule.cpp; sourceTree = "<group>"; };
		280326931EF7E25000111651 /* LogManager.cpp */ = {isa = PBXFileReference; lastKnownFileType = sourcecode.cpp.cpp; name = LogManager.cpp; path = src/LogManager.cpp; sourceTree = "<group>"; };
/* End PBXFileReference section */

/* Begin PBXFrameworksBuildPhase section */
		280326711EF66A1600111651 /* Frameworks */ = {
			isa = PBXFrameworksBuildPhase;
			buildActionMask = 2147483647;
			files = (
			);
			runOnlyForDeploymentPostprocessing = 0;
		};
/* End PBXFrameworksBuildPhase section */

/* Begin PBXGroup section */
		2803266B1EF66A1600111651 = {
			isa = PBXGroup;
			children = (
				280326931EF7E25000111651 /* LogManager.cpp */,
				280326831EF7B4F000111651 /* tinyxml2.cpp */,
				2803268E1EF7D6A000111651 /* Rule.cpp */,
				280326811EF66A6100111651 /* main.cpp */,
				280326891EF7BF7000111651 /* XMLParser.cpp */,
				280326851EF7B8F600111651 /* include */,
				2803267E1EF66A4700111651 /* data */,
				280326801EF66A4700111651 /* src */,
				280326751EF66A1600111651 /* Products */,
			);
			sourceTree = "<group>";
		};
		280326751EF66A1600111651 /* Products */ = {
			isa = PBXGroup;
			children = (
				280326741EF66A1600111651 /* PDP-Experiment */,
			);
			name = Products;
			sourceTree = "<group>";
		};
/* End PBXGroup section */

/* Begin PBXNativeTarget section */
		280326731EF66A1600111651 /* PDP-Experiment */ = {
			isa = PBXNativeTarget;
			buildConfigurationList = 2803267B1EF66A1600111651 /* Build configuration list for PBXNativeTarget "PDP-Experiment" */;
			buildPhases = (
				280326701EF66A1600111651 /* Sources */,
				280326711EF66A1600111651 /* Frameworks */,
				280326721EF66A1600111651 /* CopyFiles */,
			);
			buildRules = (
			);
			dependencies = (
			);
			name = "PDP-Experiment";
			productName = "PDP-Experiment";
			productReference = 280326741EF66A1600111651 /* PDP-Experiment */;
			productType = "com.apple.product-type.tool";
		};
/* End PBXNativeTarget section */

/* Begin PBXProject section */
		2803266C1EF66A1600111651 /* Project object */ = {
			isa = PBXProject;
			attributes = {
				LastUpgradeCheck = 0830;
				ORGANIZATIONNAME = "于京平";
				TargetAttributes = {
					280326731EF66A1600111651 = {
						CreatedOnToolsVersion = 8.3.3;
						ProvisioningStyle = Automatic;
					};
				};
			};
			buildConfigurationList = 2803266F1EF66A1600111651 /* Build configuration list for PBXProject "PDP-Experiment" */;
			compatibilityVersion = "Xcode 3.2";
			developmentRegion = English;
			hasScannedForEncodings = 0;
			knownRegions = (
				en,
			);
			mainGroup = 2803266B1EF66A1600111651;
			productRefGroup = 280326751EF66A1600111651 /* Products */;
			projectDirPath = "";
			projectRoot = "";
			targets = (
				280326731EF66A1600111651 /* PDP-Experiment */,
			);
		};
/* End PBXProject section */

/* Begin PBXSourcesBuildPhase section */
		280326701EF66A1600111651 /* Sources */ = {
			isa = PBXSourcesBuildPhase;
			buildActionMask = 2147483647;
			files = (
				280326821EF66A6100111651 /* main.cpp in Sources */,
				280326841EF7B4F000111651 /* tinyxml2.cpp in Sources */,
				2803268F1EF7D6A000111651 /* Rule.cpp in Sources */,
				280326941EF7E25000111651 /* LogManager.cpp in Sources */,
				2803268A1EF7BF7000111651 /* XMLParser.cpp in Sources */,
			);
			runOnlyForDeploymentPostprocessing = 0;
		};
/* End PBXSourcesBuildPhase section */

/* Begin XCBuildConfiguration section */
		280326791EF66A1600111651 /* Debug */ = {
			isa = XCBuildConfiguration;
			buildSettings = {
				ALWAYS_SEARCH_USER_PATHS = NO;
				CLANG_ANALYZER_NONNULL = YES;
				CLANG_ANALYZER_NUMBER_OBJECT_CONVERSION = YES_AGGRESSIVE;
				CLANG_CXX_LANGUAGE_STANDARD = "gnu++0x";
				CLANG_CXX_LIBRARY = "libc++";
				CLANG_ENABLE_MODULES = YES;
				CLANG_ENABLE_OBJC_ARC = YES;
				CLANG_WARN_BOOL_CONVERSION = YES;
				CLANG_WARN_CONSTANT_CONVERSION = YES;
				CLANG_WARN_DIRECT_OBJC_ISA_USAGE = YES_ERROR;
				CLANG_WARN_DOCUMENTATION_COMMENTS = YES;
				CLANG_WARN_EMPTY_BODY = YES;
				CLANG_WARN_ENUM_CONVERSION = YES;
				CLANG_WARN_INFINITE_RECURSION = YES;
				CLANG_WARN_INT_CONVERSION = YES;
				CLANG_WARN_OBJC_ROOT_CLASS = YES_ERROR;
				CLANG_WARN_SUSPICIOUS_MOVE = YES;
				CLANG_WARN_UNREACHABLE_CODE = YES;
				CLANG_WARN__DUPLICATE_METHOD_MATCH = YES;
				CODE_SIGN_IDENTITY = "-";
				COPY_PHASE_STRIP = NO;
				DEBUG_INFORMATION_FORMAT = dwarf;
				ENABLE_STRICT_OBJC_MSGSEND = YES;
				ENABLE_TESTABILITY = YES;
				GCC_C_LANGUAGE_STANDARD = gnu99;
				GCC_DYNAMIC_NO_PIC = NO;
				GCC_NO_COMMON_BLOCKS = YES;
				GCC_OPTIMIZATION_LEVEL = 0;
				GCC_PREPROCESSOR_DEFINITIONS = (
					"DEBUG=1",
					"$(inherited)",
				);
				GCC_WARN_64_TO_32_BIT_CONVERSION = YES;
				GCC_WARN_ABOUT_RETURN_TYPE = YES_ERROR;
				GCC_WARN_UNDECLARED_SELECTOR = YES;
				GCC_WARN_UNINITIALIZED_AUTOS = YES_AGGRESSIVE;
				GCC_WARN_UNUSED_FUNCTION = YES;
				GCC_WARN_UNUSED_VARIABLE = YES;
				MACOSX_DEPLOYMENT_TARGET = 10.12;
				MTL_ENABLE_DEBUG_INFO = YES;
				ONLY_ACTIVE_ARCH = YES;
				SDKROOT = macosx;
			};
			name = Debug;
		};
		2803267A1EF66A1600111651 /* Release */ = {
			isa = XCBuildConfiguration;
			buildSettings = {
				ALWAYS_SEARCH_USER_PATHS = NO;
				CLANG_ANALYZER_NONNULL = YES;
				CLANG_ANALYZER_NUMBER_OBJECT_CONVERSION = YES_AGGRESSIVE;
				CLANG_CXX_LANGUAGE_STANDARD = "gnu++0x";
				CLANG_CXX_LIBRARY = "libc++";
				CLANG_ENABLE_MODULES = YES;
				CLANG_ENABLE_OBJC_ARC = YES;
				CLANG_WARN_BOOL_CONVERSION = YES;
				CLANG_WARN_CONSTANT_CONVERSION = YES;
				CLANG_WARN_DIRECT_OBJC_ISA_USAGE = YES_ERROR;
				CLANG_WARN_DOCUMENTATION_COMMENTS = YES;
				CLANG_WARN_EMPTY_BODY = YES;
				CLANG_WARN_ENUM_CONVERSION = YES;
				CLANG_WARN_INFINITE_RECURSION = YES;
				CLANG_WARN_INT_CONVERSION = YES;
				CLANG_WARN_OBJC_ROOT_CLASS = YES_ERROR;
				CLANG_WARN_SUSPICIOUS_MOVE = YES;
				CLANG_WARN_UNREACHABLE_CODE = YES;
				CLANG_WARN__DUPLICATE_METHOD_MATCH = YES;
				CODE_SIGN_IDENTITY = "-";
				COPY_PHASE_STRIP = NO;
				DEBUG_INFORMATION_FORMAT = "dwarf-with-dsym";
				ENABLE_NS_ASSERTIONS = NO;
				ENABLE_STRICT_OBJC_MSGSEND = YES;
				GCC_C_LANGUAGE_STANDARD = gnu99;
				GCC_NO_COMMON_BLOCKS = YES;
				GCC_WARN_64_TO_32_BIT_CONVERSION = YES;
				GCC_WARN_ABOUT_RETURN_TYPE = YES_ERROR;
				GCC_WARN_UNDECLARED_SELECTOR = YES;
				GCC_WARN_UNINITIALIZED_AUTOS = YES_AGGRESSIVE;
				GCC_WARN_UNUSED_FUNCTION = YES;
				GCC_WARN_UNUSED_VARIABLE = YES;
				MACOSX_DEPLOYMENT_TARGET = 10.12;
				MTL_ENABLE_DEBUG_INFO = NO;
				SDKROOT = macosx;
			};
			name = Release;
		};
		2803267C1EF66A1600111651 /* Debug */ = {
			isa = XCBuildConfiguration;
			buildSettings = {
				"HEADER_SEARCH_PATHS[arch=*]" = "include/**";
				PRODUCT_NAME = "$(TARGET_NAME)";
			};
			name = Debug;
		};
		2803267D1EF66A1600111651 /* Release */ = {
			isa = XCBuildConfiguration;
			buildSettings = {
				PRODUCT_NAME = "$(TARGET_NAME)";
			};
			name = Release;
		};
/* End XCBuildConfiguration section */

/* Begin XCConfigurationList section */
		2803266F1EF66A1600111651 /* Build configuration list for PBXProject "PDP-Experiment" */ = {
			isa = XCConfigurationList;
			buildConfigurations = (
				280326791EF66A1600111651 /* Debug */,
				2803267A1EF66A1600111651 /* Release */,
			);
			defaultConfigurationIsVisible = 0;
			defaultConfigurationName = Release;
		};
		2803267B1EF66A1600111651 /* Build configuration list for PBXNativeTarget "PDP-Experiment" */ = {
			isa = XCConfigurationList;
			buildConfigurations = (
				2803267C1EF66A1600111651 /* Debug */,
				2803267D1EF66A1600111651 /* Release */,
			);
			defaultConfigurationIsVisible = 0;
			defaultConfigurationName = Release;
		};
/* End XCConfigurationList section */
	};
	rootObject = 2803266C1EF66A1600111651 /* Project object */;
}
